version = 1
revision = 3
requires-python = ">=3.14"

[[package]]
name = "annotated-types"
version = "0.8.0"
source = { registry = "https://pypi.org/simple" }
sdist = { url = "https://files.pythonhosted.org/packages/5f/56/a8120250d128bed162cd73c76d45f6ef9991f3e068f62a8ee060afa3104a/annotated_types-0.8.0.tar.gz", hash = "sha256:13b2beaad985e05e2d6407ee4c4f35590b11f8d693a258a561055cac8f64cab7", size = 15893, upload-time = "2026-07-23T20:16:13.995Z" }
wheels = [
    { url = "https://files.pythonhosted.org/packages/99/91/8acff4f5e50511b911bbccb72b8628a49c68ce14148cd9f6431094859a90/annotated_types-0.8.0-py3-none-any.whl", hash = "sha256:f072f4d804ea359e4eaf198b1af7a8b0943881a87f31bb764f8bf219bb9419e0", size = 13427, upload-time = "2026-07-23T20:16:12.938Z" },
]

[[package]]
name = "anyio"
version = "4.14.2"
source = { registry = "https://pypi.org/simple" }
dependencies = [
    { name = "idna" },
]
sdist = { url = "https://files.pythonhosted.org/packages/61/cc/a381afa6efea9f496eff839d4a6a1aed3bfafc7b3ab4b0d1b243a12573dd/anyio-4.14.2.tar.gz", hash = "sha256:cfa139f3ed1a23ee8f88a145ddb5ac7605b8bbfd8592baacd7ce3d8bb4313c7f", size = 260176, upload-time = "2026-07-12T20:29:07.082Z" }
wheels = [
    { url = "https://files.pythonhosted.org/packages/da/35/f2287558c17e29fafc8ef3daf819bb9834061cfa43bff8014f7df7f63bdc/anyio-4.14.2-py3-none-any.whl", hash = "sha256:9f505dda5ac9f0c8309b5e8bd445a8c2bf7246f3ce950121e45ea15bc41d1494", size = 125813, upload-time = "2026-07-12T20:29:05.763Z" },
]

[[package]]
name = "certifi"
version = "2026.7.22"
source = { registry = "https://pypi.org/simple" }
sdist = { url = "https://files.pythonhosted.org/packages/a3/c2/24167ea9858356b47a87a50d39908bfdb72ceeefe0041586e704e5376b3a/certifi-2026.7.22.tar.gz", hash = "sha256:741e2c3b351ddf169a738da9f2c048608ff7f2c5cc02f1ebc6b118bb090d5d55", size = 138112, upload-time = "2026-07-22T03:35:12.644Z" }
wheels = [
    { url = "https://files.pythonhosted.org/packages/0b/a7/71ac2cff56fec219ed242bb11b8efb69fcc4bec75db06fb7bfe35de520e6/certifi-2026.7.22-py3-none-any.whl", hash = "sha256:62f22742b58a1a33014a2b6b706588a8d7e2a88ae7bd1a6ebe8c992928483775", size = 136983, upload-time = "2026-07-22T03:35:11.276Z" },
]

[[package]]
name = "colorama"
version = "0.4.6"
source = { registry = "https://pypi.org/simple" }
sdist = { url = "https://files.pythonhosted.org/packages/d8/53/6f443c9a4a8358a93a6792e2acffb9d9d5cb0a5cfd8802644b7b1c9a02e4/colorama-0.4.6.tar.gz", hash = "sha256:08695f5cb7ed6e0531a20572697297273c47b8cae5a63ffc6d6ed5c201be6e44", size = 27697, upload-time = "2022-10-25T02:36:22.414Z" }
wheels = [
    { url = "https://files.pythonhosted.org/packages/d1/d6/3965ed04c63042e047cb6a3e6ed1a63a35087b6a609aa3a15ed8ac56c221/colorama-0.4.6-py2.py3-none-any.whl", hash = "sha256:4f1d9991f5acc0ca119f9d443620b77f9d6b33703e51011c16baf57afb285fc6", size = 25335, upload-time = "2022-10-25T02:36:20.889Z" },
]

[[package]]
name = "distro"
version = "1.9.0"
source = { registry = "https://pypi.org/simple" }
sdist = { url = "https://files.pythonhosted.org/packages/fc/f8/98eea607f65de6527f8a2e8885fc8015d3e6f5775df186e443e0964a11c3/distro-1.9.0.tar.gz", hash = "sha256:2fa77c6fd8940f116ee1d6b94a2f90b13b5ea8d019b98bc8bafdcabcdd9bdbed", size = 60722, upload-time = "2023-12-24T09:54:32.31Z" }
wheels = [
    { url = "https://files.pythonhosted.org/packages/12/b3/231ffd4ab1fc9d679809f356cebee130ac7daa00d6d6f3206dd4fd137e9e/distro-1.9.0-py3-none-any.whl", hash = "sha256:7bffd925d65168f85027d8da9af6bddab658135b840670a223589bc0c8ef02b2", size = 20277, upload-time = "2023-12-24T09:54:30.421Z" },
]

[[package]]
name = "h11"
version = "0.16.0"
source = { registry = "https://pypi.org/simple" }
sdist = { url = "https://files.pythonhosted.org/packages/01/ee/02a2c011bdab74c6fb3c75474d40b3052059d95df7e73351460c8588d963/h11-0.16.0.tar.gz", hash = "sha256:4e35b956cf45792e4caa5885e69fba00bdbc6ffafbfa020300e549b208ee5ff1", size = 101250, upload-time = "2025-04-24T03:35:25.427Z" }
wheels = [
    { url = "https://files.pythonhosted.org/packages/04/4b/29cac41a4d98d144bf5f6d33995617b185d14b22401f75ca86f384e87ff1/h11-0.16.0-py3-none-any.whl", hash = "sha256:63cf8bbe7522de3bf65932fda1d9c2772064ffb3dae62d55932da54b31cb6c86", size = 37515, upload-time = "2025-04-24T03:35:24.344Z" },
]

[[package]]
name = "httpcore"
version = "1.0.9"
source = { registry = "https://pypi.org/simple" }
dependencies = [
    { name = "certifi" },
    { name = "h11" },
]
sdist = { url = "https://files.pythonhosted.org/packages/06/94/82699a10bca87a5556c9c59b5963f2d039dbd239f25bc2a63907a05a14cb/httpcore-1.0.9.tar.gz", hash = "sha256:6e34463af53fd2ab5d807f399a9b45ea31c3dfa2276f15a2c3f00afff6e176e8", size = 85484, upload-time = "2025-04-24T22:06:22.219Z" }
wheels = [
    { url = "https://files.pythonhosted.org/packages/7e/f5/f66802a942d491edb555dd61e3a9961140fd64c90bce1eafd741609d334d/httpcore-1.0.9-py3-none-any.whl", hash = "sha256:2d400746a40668fc9dec9810239072b40b4484b640a8c38fd654a024c7a1bf55", size = 78784, upload-time = "2025-04-24T22:06:20.566Z" },
]

[[package]]
name = "httpx"
version = "0.28.1"
source = { registry = "https://pypi.org/simple" }
dependencies = [
    { name = "anyio" },
    { name = "certifi" },
    { name = "httpcore" },
    { name = "idna" },
]
sdist = { url = "https://files.pythonhosted.org/packages/b1/df/48c586a5fe32a0f01324ee087459e112ebb7224f646c0b5023f5e79e9956/httpx-0.28.1.tar.gz", hash = "sha256:75e98c5f16b0f35b567856f597f06ff2270a374470a5c2392242528e3e3e42fc", size = 141406, upload-time = "2024-12-06T15:37:23.222Z" }
wheels = [
    { url = "https://files.pythonhosted.org/packages/2a/39/e50c7c3a983047577ee07d2a9e53faf5a69493943ec3f6a384bdc792deb2/httpx-0.28.1-py3-none-any.whl", hash = "sha256:d909fcccc110f8c7faf814ca82a9a4d816bc5a6dbfea25d6591d6985b8ba59ad", size = 73517, upload-time = "2024-12-06T15:37:21.509Z" },
]

[[package]]
name = "idna"
version = "3.18"
source = { registry = "https://pypi.org/simple" }
sdist = { url = "https://files.pythonhosted.org/packages/cd/63/9496c57188a2ee585e0f1db071d75089a11e98aa86eb99d9d7618fc1edce/idna-3.18.tar.gz", hash = "sha256:ffb385a7e039654cef1ab9ef32c6fafe283c0c0467bba1d9029738ce4a14a848", size = 196711, upload-time = "2026-06-02T14:34:07.794Z" }
wheels = [
    { url = "https://files.pythonhosted.org/packages/1e/5e/d4e9f1a599fb8e573b7b87160658329fbf28d19eac2718f51fc3def3aa5a/idna-3.18-py3-none-any.whl", hash = "sha256:7f952cbe720b688055e3f87de14f5c3e5fdaa8bc3928985c4077ca689de849a2", size = 65455, upload-time = "2026-06-02T14:34:06.319Z" },
]

[[package]]
name = "iniconfig"
version = "2.3.0"
source = { registry = "https://pypi.org/simple" }
sdist = { url = "https://files.pythonhosted.org/packages/72/34/14ca021ce8e5dfedc35312d08ba8bf51fdd999c576889fc2c24cb97f4f10/iniconfig-2.3.0.tar.gz", hash = "sha256:c76315c77db068650d49c5b56314774a7804df16fee4402c1f19d6d15d8c4730", size = 20503, upload-time = "2025-10-18T21:55:43.219Z" }
wheels = [
    { url = "https://files.pythonhosted.org/packages/cb/b1/3846dd7f199d53cb17f49cba7e651e9ce294d8497c8c150530ed11865bb8/iniconfig-2.3.0-py3-none-any.whl", hash = "sha256:f631c04d2c48c52b84d0d0549c99ff3859c98df65b3101406327ecc7d53fbf12", size = 7484, upload-time = "2025-10-18T21:55:41.639Z" },
]

[[package]]
name = "jiter"
version = "0.16.0"
source = { registry = "https://pypi.org/simple" }
sdist = { url = "https://files.pythonhosted.org/packages/1d/1f/10936e16d8860c70698a1aa939a46aa0224813b782bce4e000e637da0b2d/jiter-0.16.0.tar.gz", hash = "sha256:7b24c3492c5f4f84a37946ad9cf504910cf6a782d6a4e0689b6673c5894b4a1c", size = 176431, upload-time = "2026-06-29T13:05:13.657Z" }
wheels = [
    { url = "https://files.pythonhosted.org/packages/a7/89/bc4f1b57d5da938fd344a466396541e586d161320d70bffd929aaafcd8f4/jiter-0.16.0-cp314-cp314-macosx_10_12_x86_64.whl", hash = "sha256:b2c61484666ad42726029af0c00ef4541f0f3b5cdc550221f56c2343208018ee", size = 308239, upload-time = "2026-06-29T13:03:57.205Z" },
    { url = "https://files.pythonhosted.org/packages/65/7a/c415453e5213001bf3b411ff65dec3d303b0e76a4a2cfea9768cd4960994/jiter-0.16.0-cp314-cp314-macosx_11_0_arm64.whl", hash = "sha256:63efadc657488f45db1c676d81e704cac2abf3fdb892def1faea61db053127e2", size = 308928, upload-time = "2026-06-29T13:03:58.643Z" },
    { url = "https://files.pythonhosted.org/packages/11/fc/1f4fb7ebf9a724c7741994f4aae18fba1e2f3133df14521a79194952c34a/jiter-0.16.0-cp314-cp314-manylinux_2_17_aarch64.manylinux2014_aarch64.whl", hash = "sha256:cf0d73f50e7b6935677854f6e8e31d499ca7064dd24734f703e060f5b237d883", size = 336998, upload-time = "2026-06-29T13:04:00.071Z" },
    { url = "https://files.pythonhosted.org/packages/a0/8d/72cadaac05ccfa7cc3a0a2232862e6c72443ca40cf300ba8b57f9f18b69b/jiter-0.16.0-cp314-cp314-manylinux_2_17_armv7l.manylinux2014_armv7l.whl", hash = "sha256:bf3ea07d9bc8e7d03a9fbc051295462e6dbc295b894fd72457c3136e3e43d898", size = 362112, upload-time = "2026-06-29T13:04:01.52Z" },
    { url = "https://files.pythonhosted.org/packages/58/4a/c4b0d5f651fda90a24ffce9f8d56cde462a2e09d31ae3de3c68cef34c04e/jiter-0.16.0-cp314-cp314-manylinux_2_17_ppc64le.manylinux2014_ppc64le.whl", hash = "sha256:26798522707abb47d767db536e4148ceac1b14446bf028ee85e579a2e043cfe5", size = 459807, upload-time = "2026-06-29T13:04:03.214Z" },
    { url = "https://files.pythonhosted.org/packages/80/58/ef77879ea9aa56b50824edc5a445e226422c7a8d211f3fd2a56bcb9493cf/jiter-0.16.0-cp314-cp314-manylinux_2_17_s390x.manylinux2014_s390x.whl", hash = "sha256:bc837c1b9631be10abfe0191537fe8009838204cec7e44827401ace390ddb567", size = 373181, upload-time = "2026-06-29T13:04:04.629Z" },
    { url = "https://files.pythonhosted.org/packages/49/2e/ffbc3f254e4d8a66da3062c624a7df4b7c2b2cf9e1fe43cf394b3e104041/jiter-0.16.0-cp314-cp314-manylinux_2_17_x86_64.manylinux2014_x86_64.whl", hash = "sha256:49060fd70737fad59d33ba9dcc0d83247dc9e77187de26053a19c16c9f32bd69", size = 344927, upload-time = "2026-06-29T13:04:06.067Z" },
    { url = "https://files.pythonhosted.org/packages/9a/f6/0be5dc6d64a89f80aa8fec984f94dedb2973e251edcae55841d60786d578/jiter-0.16.0-cp314-cp314-manylinux_2_31_riscv64.whl", hash = "sha256:adbb8edeadd431bc4477879d5d371ece7cb1334486584e0f252656dd7ffada29", size = 352754, upload-time = "2026-06-29T13:04:07.477Z" },
    { url = "https://files.pythonhosted.org/packages/da/6e/7d31243b3b91cd261dd19e9d3557fc3251a80883d3d8049c86174e7ab7af/jiter-0.16.0-cp314-cp314-manylinux_2_5_i686.manylinux1_i686.whl", hash = "sha256:31aaee5b80f672c1dc21272bcfb9cbdcfc1ea04ff50f00ed5af500b80c44fa93", size = 390553, upload-time = "2026-06-29T13:04:08.92Z" },
    { url = "https://files.pythonhosted.org/packages/25/33/51ae371fde3c88897520f62b4d5f8b27ad7103e2bb10812ff52195609853/jiter-0.16.0-cp314-cp314-musllinux_1_1_aarch64.whl", hash = "sha256:6722bcef4ffc86c835574b1b2fac6b33b9fb4a889c781e67950e891591f3c55a", size = 516900, upload-time = "2026-06-29T13:04:10.407Z" },
    { url = "https://files.pythonhosted.org/packages/a0/45/6449b3d123ea439ba79507c657288f461d55049e7bcbdc2cf8eb8210f491/jiter-0.16.0-cp314-cp314-musllinux_1_1_x86_64.whl", hash = "sha256:5ab4f50ff971b611d656554ea10b75f80097392c827bc32923c6eeb6386c8b00", size = 548754, upload-time = "2026-06-29T13:04:12.046Z" },
    { url = "https://files.pythonhosted.org/packages/9b/e7/fd2fb11ae3e2649333da3aa170d04d7b3000bbdc3b270f6513382fdf4e04/jiter-0.16.0-cp314-cp314-pyemscripten_2026_0_wasm32.whl", hash = "sha256:710cc51d4ebdcd3c1f70b232c1db1ea1344a075770422bbd4bede5708335acbe", size = 122381, upload-time = "2026-06-29T13:04:13.413Z" },
    { url = "https://files.pythonhosted.org/packages/26/80/f0b147a62c315a164ed2168908286ca302310824c218d3aae52b06c0c9a9/jiter-0.16.0-cp314-cp314-win32.whl", hash = "sha256:57b37fc887a32d44798e4d8ebfa7c9683ff3da1d5bf38f08d1bb3573ccb39106", size = 204578, upload-time = "2026-06-29T13:04:14.813Z" },
    { url = "https://files.pythonhosted.org/packages/5e/e6/4758a14304b4523a6f5adb2419340086aa3593bd4327c2b25b5948a90548/jiter-0.16.0-cp314-cp314-win_amd64.whl", hash = "sha256:cbd18dd5e2df96b580487b5745adf57ef64ad89ba2d9662fc3c19386acce7db8", size = 198154, upload-time = "2026-06-29T13:04:16.272Z" },
    { url = "https://files.pythonhosted.org/packages/26/be/41fa54a2e7ea41d6c99f1dc5b1f0fd4cb474680304b5d268dd518e81da3a/jiter-0.16.0-cp314-cp314-win_arm64.whl", hash = "sha256:a32d2027a9fa67f109ff245a3252ece3ccc32cc56703e1deab6cc846a59e0585", size = 191458, upload-time = "2026-06-29T13:04:17.707Z" },
    { url = "https://files.pythonhosted.org/packages/81/6b/59127338b86d9fe4d99418f5a15118bea778103ee0fe9d9dd7e0af174e95/jiter-0.16.0-cp314-cp314t-macosx_11_0_arm64.whl", hash = "sha256:2577196f4474ef3fc4779a088a23b0897bbf86f9ea3679c372d45b8383b43207", size = 316739, upload-time = "2026-06-29T13:04:19.663Z" },
    { url = "https://files.pythonhosted.org/packages/2d/95/49461034d5388196d3dabf98748935f017b7785d8f3f5349f834bcc4ed0d/jiter-0.16.0-cp314-cp314t-manylinux_2_17_aarch64.manylinux2014_aarch64.whl", hash = "sha256:616e89e008a93c01104161c75b4988e58716b01d62307ebfe161e52a56d2a818", size = 340911, upload-time = "2026-06-29T13:04:21.257Z" },
    { url = "https://files.pythonhosted.org/packages/cd/97/a4369f2fb82cb3dda13b98622f31249b2e014b223fe64ee534413ad72294/jiter-0.16.0-cp314-cp314t-manylinux_2_17_armv7l.manylinux2014_armv7l.whl", hash = "sha256:0e2e9efbe042210df657bade597f66d6d75723e3d8f45a12ea6d8167ff8bbce3", size = 361747, upload-time = "2026-06-29T13:04:22.677Z" },
    { url = "https://files.pythonhosted.org/packages/28/51/49b6ed456261646e1906016a6760367a28aacd3c24805e4e5fe64116c1db/jiter-0.16.0-cp314-cp314t-manylinux_2_17_ppc64le.manylinux2014_ppc64le.whl", hash = "sha256:3f4d9e473a5ce7d27fef8b848df4dc16e283893d3f53b4a585e72c9595f3c284", size = 460225, upload-time = "2026-06-29T13:04:24.441Z" },
    { url = "https://files.pythonhosted.org/packages/33/b5/5689aff4f66c5b60be63106e591dbfcba2190df97d2c9c7cf052361ddb98/jiter-0.16.0-cp314-cp314t-manylinux_2_17_s390x.manylinux2014_s390x.whl", hash = "sha256:8d30a4a1c87713060c8d1cc59a7b6c8fb6b8ef0a6900368014c76c87922a2929", size = 373169, upload-time = "2026-06-29T13:04:25.884Z" },
    { url = "https://files.pythonhosted.org/packages/a2/96/3ae1b85ee0d6d6cab254fb7f8da018272b932bbf2d69b07e98aa2a96c746/jiter-0.16.0-cp314-cp314t-manylinux_2_17_x86_64.manylinux2014_x86_64.whl", hash = "sha256:bae96332410f866e5900d809298b1ed82735932986c672495f9701daacd80620", size = 350332, upload-time = "2026-06-29T13:04:27.302Z" },
    { url = "https://files.pythonhosted.org/packages/15/32/c99d7bafd78986556c95bf60ce84c6cc98786eac56066c12d7f828bb6747/jiter-0.16.0-cp314-cp314t-manylinux_2_31_riscv64.whl", hash = "sha256:da3d7ec75dc83bb18bca888b5edfae0656a26849056c59e05a7728badd17e7af", size = 353377, upload-time = "2026-06-29T13:04:28.731Z" },
    { url = "https://files.pythonhosted.org/packages/0e/4b/f99a8e571287c3dec766bcc18528bbe8e8fb5365522ab5e6d64c93e87066/jiter-0.16.0-cp314-cp314t-manylinux_2_5_i686.manylinux1_i686.whl", hash = "sha256:ee6162b77d49a9939229df666dfa8af3e656b6701b54c4c84966d740e189264e", size = 387746, upload-time = "2026-06-29T13:04:30.319Z" },
    { url = "https://files.pythonhosted.org/packages/75/69/c78a5b3f71040e34eb5917df26fb7ae9a2174cad1ccbf277512507c53a6e/jiter-0.16.0-cp314-cp314t-musllinux_1_1_aarch64.whl", hash = "sha256:63ffdbdae7d4499f4cda14eadc12ddcabef0fc0c081191bdc2247489cb698077", size = 517292, upload-time = "2026-06-29T13:04:31.709Z" },
    { url = "https://files.pythonhosted.org/packages/c2/f7/095b38eda4c70d03651c403f29a5590f16d12ddc5d544aac9f9cddf72277/jiter-0.16.0-cp314-cp314t-musllinux_1_1_x86_64.whl", hash = "sha256:a111256a7193bea0759267b10385e5870949c239ed7b6ddbaaf57573edb38734", size = 549259, upload-time = "2026-06-29T13:04:33.721Z" },
    { url = "https://files.pythonhosted.org/packages/2e/c5/6a0207d90e5f656d95af98ebd0934f382d37674416f215aeda2ff8063e51/jiter-0.16.0-cp314-cp314t-win32.whl", hash = "sha256:de5ba8763e56b793561f43bed197c9ea55776daa5e9a6b91eed68a909bc9cdbf", size = 206523, upload-time = "2026-06-29T13:04:35.068Z" },
    { url = "https://files.pythonhosted.org/packages/a5/31/c757d5f30a8980fd945ce7b98be10be9e4ff59c7c42f5fd86804c2e87db8/jiter-0.16.0-cp314-cp314t-win_amd64.whl", hash = "sha256:b8a3f9a6008048fe9def7bf465180564a6e458047d2ce499149cfbe73c3ae9db", size = 200366, upload-time = "2026-06-29T13:04:36.61Z" },
    { url = "https://files.pythonhosted.org/packages/7c/a2/d88de6d313d734a544a7901353ad5db67cb38dcfcd91713b7979dafc345d/jiter-0.16.0-cp314-cp314t-win_arm64.whl", hash = "sha256:0fa25b09b13075c46f5bc174f2690525a925a4fc2f7c82969a2bbabff22386ce", size = 190516, upload-time = "2026-06-29T13:04:38.004Z" },
]

[[package]]
name = "libwebrtc-update-check"
version = "0.1.0"
source = { virtual = "." }
dependencies = [
    { name = "openai" },
]

[package.dev-dependencies]
dev = [
    { name = "pytest" },
    { name = "ruff" },
    { name = "ty" },
]

[package.metadata]
requires-dist = [{ name = "openai", specifier = "~=2.0" }]

[package.metadata.requires-dev]
dev = [
    { name = "pytest", specifier = ">=9.1.1" },
    { name = "ruff", specifier = ">=0.16.1" },
    { name = "ty", specifier = ">=0.0.65" },
]

[[package]]
name = "openai"
version = "2.52.0"
source = { registry = "https://pypi.org/simple" }
dependencies = [
    { name = "anyio" },
    { name = "distro" },
    { name = "httpx" },
    { name = "jiter" },
    { name = "pydantic" },
    { name = "sniffio" },
    { name = "tqdm" },
    { name = "typing-extensions" },
]
sdist = { url = "https://files.pythonhosted.org/packages/bb/5a/c45fa035cd72c70ebe67c6e079e3adf871492382634f69e3dff62c43597d/openai-2.52.0.tar.gz", hash = "sha256:7c736d592f81471ce1f734838390983c4d8c8aecff23dcd36e600a58e5032d9c", size = 1098876, upload-time = "2026-07-31T15:13:03.228Z" }
wheels = [
    { url = "https://files.pythonhosted.org/packages/a1/ac/ceb40c995df49533ad4dcff6c37f0d85cf14446a212363fc9d2f927e60b4/openai-2.52.0-py3-none-any.whl", hash = "sha256:f97e231d9a8fa69ab55897df1080f02d99913fb0a30e3ee56ea16a1eb6c2d434", size = 1659569, upload-time = "2026-07-31T15:13:01.145Z" },
]

[[package]]
name = "packaging"
version = "26.2"
source = { registry = "https://pypi.org/simple" }
sdist = { url = "https://files.pythonhosted.org/packages/d7/f1/e7a6dd94a8d4a5626c03e4e99c87f241ba9e350cd9e6d75123f992427270/packaging-26.2.tar.gz", hash = "sha256:ff452ff5a3e828ce110190feff1178bb1f2ea2281fa2075aadb987c2fb221661", size = 228134, upload-time = "2026-04-24T20:15:23.917Z" }
wheels = [
    { url = "https://files.pythonhosted.org/packages/df/b2/87e62e8c3e2f4b32e5fe99e0b86d576da1312593b39f47d8ceef365e95ed/packaging-26.2-py3-none-any.whl", hash = "sha256:5fc45236b9446107ff2415ce77c807cee2862cb6fac22b8a73826d0693b0980e", size = 100195, upload-time = "2026-04-24T20:15:22.081Z" },
]

[[package]]
name = "pluggy"
version = "1.6.0"
source = { registry = "https://pypi.org/simple" }
sdist = { url = "https://files.pythonhosted.org/packages/f9/e2/3e91f31a7d2b083fe6ef3fa267035b518369d9511ffab804f839851d2779/pluggy-1.6.0.tar.gz", hash = "sha256:7dcc130b76258d33b90f61b658791dede3486c3e6bfb003ee5c9bfb396dd22f3", size = 69412, upload-time = "2025-05-15T12:30:07.975Z" }
wheels = [
    { url = "https://files.pythonhosted.org/packages/54/20/4d324d65cc6d9205fabedc306948156824eb9f0ee1633355a8f7ec5c66bf/pluggy-1.6.0-py3-none-any.whl", hash = "sha256:e920276dd6813095e9377c0bc5566d94c932c33b27a3e3945d8389c374dd4746", size = 20538, upload-time = "2025-05-15T12:30:06.134Z" },
]

[[package]]
name = "pydantic"
version = "2.13.4"
source = { registry = "https://pypi.org/simple" }
dependencies = [
    { name = "annotated-types" },
    { name = "pydantic-core" },
    { name = "typing-extensions" },
    { name = "typing-inspection" },
]
sdist = { url = "https://files.pythonhosted.org/packages/18/a5/b60d21ac674192f8ab0ba4e9fd860690f9b4a6e51ca5df118733b487d8d6/pydantic-2.13.4.tar.gz", hash = "sha256:c40756b57adaa8b1efeeced5c196f3f3b7c435f90e84ea7f443901bec8099ef6", size = 844775, upload-time = "2026-05-06T13:43:05.343Z" }
wheels = [
    { url = "https://files.pythonhosted.org/packages/fd/7b/122376b1fd3c62c1ed9dc80c931ace4844b3c55407b6fb2d199377c9736f/pydantic-2.13.4-py3-none-any.whl", hash = "sha256:45a282cde31d808236fd7ea9d919b128653c8b38b393d1c4ab335c62924d9aba", size = 472262, upload-time = "2026-05-06T13:43:02.641Z" },
]

[[package]]
name = "pydantic-core"
version = "2.46.4"
source = { registry = "https://pypi.org/simple" }
dependencies = [
    { name = "typing-extensions" },
]
sdist = { url = "https://files.pythonhosted.org/packages/9d/56/921726b776ace8d8f5db44c4ef961006580d91dc52b803c489fafd1aa249/pydantic_core-2.46.4.tar.gz", hash = "sha256:62f875393d7f270851f20523dd2e29f082bcc82292d66db2b64ea71f64b6e1c1", size = 471464, upload-time = "2026-05-06T13:37:06.98Z" }
wheels = [
    { url = "https://files.pythonhosted.org/packages/8d/74/228a26ddad29c6672b805d9fd78e8d251cd04004fa7eed0e622096cd0250/pydantic_core-2.46.4-cp314-cp314-macosx_10_12_x86_64.whl", hash = "sha256:428e04521a40150c85216fc8b85e8d39fece235a9cf5e383761238c7fa9b96fb", size = 2102079, upload-time = "2026-05-06T13:38:41.019Z" },
    { url = "https://files.pythonhosted.org/packages/ad/1f/8970b150a4b4365623ae00fc88603491f763c627311ae8031e3111356d6e/pydantic_core-2.46.4-cp314-cp314-macosx_11_0_arm64.whl", hash = "sha256:23ace664830ee0bfe014a0c7bc248b1f7f25ed7ad103852c317624a1083af462", size = 1952179, upload-time = "2026-05-06T13:36:59.812Z" },
    { url = "https://files.pythonhosted.org/packages/95/30/5211a831ae054928054b2f79731661087a2bc5c01e825c672b3a4a8f1b3e/pydantic_core-2.46.4-cp314-cp314-manylinux_2_17_aarch64.manylinux2014_aarch64.whl", hash = "sha256:ce5c1d2a8b27468f433ca974829c44060b8097eedc39933e3c206a90ee49c4a9", size = 1978926, upload-time = "2026-05-06T13:37:39.933Z" },
    { url = "https://files.pythonhosted.org/packages/57/e9/689668733b1eb67adeef047db3c2e8788fcf65a7fd9c9e2b46b7744fe245/pydantic_core-2.46.4-cp314-cp314-manylinux_2_17_armv7l.manylinux2014_armv7l.whl", hash = "sha256:7283d57845ecf5a163403eb0702dfc220cc4fbdd18919cb5ccea4f95ee1cdab4", size = 2046785, upload-time = "2026-05-06T13:38:01.995Z" },
    { url = "https://files.pythonhosted.org/packages/60/d9/6715260422ff50a2109878fd24d948a6c3446bb2664f34ee78cd972b3acd/pydantic_core-2.46.4-cp314-cp314-manylinux_2_17_ppc64le.manylinux2014_ppc64le.whl", hash = "sha256:8daafc69c93ee8a0204506a3b6b30f586ef54028f52aeeeb5c4cfc5184fd5914", size = 2228733, upload-time = "2026-05-06T13:40:50.371Z" },
    { url = "https://files.pythonhosted.org/packages/18/ae/fdb2f64316afca925640f8e70bb1a564b0ec2721c1389e25b8eb4bf9a299/pydantic_core-2.46.4-cp314-cp314-manylinux_2_17_s390x.manylinux2014_s390x.whl", hash = "sha256:cd2213145bcc2ba85884d0ac63d222fece9209678f77b9b4d76f054c561adb28", size = 2307534, upload-time = "2026-05-06T13:37:21.531Z" },
    { url = "https://files.pythonhosted.org/packages/89/1d/8eff589b45bb8190a9d12c49cfad0f176a5cbd1534908a6b5125e2886239/pydantic_core-2.46.4-cp314-cp314-manylinux_2_17_x86_64.manylinux2014_x86_64.whl", hash = "sha256:7a5f930472650a82629163023e630d160863fce524c616f4e5186e5de9d9a49b", size = 2099732, upload-time = "2026-05-06T13:39:31.942Z" },
    { url = "https://files.pythonhosted.org/packages/06/d5/ee5a3366637fee41dee51a1fc91562dcf12ddbc68fda34e6b253da2324bb/pydantic_core-2.46.4-cp314-cp314-manylinux_2_31_riscv64.whl", hash = "sha256:c1b3f518abeca3aa13c712fd202306e145abf59a18b094a6bafb2d2bbf59192c", size = 2129627, upload-time = "2026-05-06T13:37:25.033Z" },
    { url = "https://files.pythonhosted.org/packages/94/33/2414be571d2c6a6c4d08be21f9292b6d3fdb08949a97b6dfe985017821db/pydantic_core-2.46.4-cp314-cp314-manylinux_2_5_i686.manylinux1_i686.whl", hash = "sha256:1a7dd0b3ee80d90150e3495a3a13ac34dbcbfd4f012996a6a1d8900e91b5c0fb", size = 2179141, upload-time = "2026-05-06T13:37:14.046Z" },
    { url = "https://files.pythonhosted.org/packages/7b/79/7daa95be995be0eecc4cf75064cb33f9bbbfe3fe0158caf2f0d4a996a5c7/pydantic_core-2.46.4-cp314-cp314-musllinux_1_1_aarch64.whl", hash = "sha256:3fb702cd90b0446a3a1c5e470bfa0dd23c0233b676a9099ddcc964fa6ca13898", size = 2184325, upload-time = "2026-05-06T13:36:53.615Z" },
    { url = "https://files.pythonhosted.org/packages/9f/cb/d0a382f5c0de8a222dc61c65348e0ce831b1f68e0a018450d31c2cace3a5/pydantic_core-2.46.4-cp314-cp314-musllinux_1_1_armv7l.whl", hash = "sha256:b8458003118a712e66286df6a707db01c52c0f52f7db8e4a38f0da1d3b94fc4e", size = 2323990, upload-time = "2026-05-06T13:40:29.971Z" },
    { url = "https://files.pythonhosted.org/packages/05/db/d9ba624cc4a5aced1598e88c04fdbd8310c8a69b9d38b9a3d39ce3a61ed7/pydantic_core-2.46.4-cp314-cp314-musllinux_1_1_x86_64.whl", hash = "sha256:372429a130e469c9cd698925ce5fc50940b7a1336b0d82038e63d5bbc4edc519", size = 2369978, upload-time = "2026-05-06T13:37:23.027Z" },
    { url = "https://files.pythonhosted.org/packages/f2/20/d15df15ba918c423461905802bfd2981c3af0bfa0e40d05e13edbfa48bc3/pydantic_core-2.46.4-cp314-cp314-win32.whl", hash = "sha256:85bb3611ff1802f3ee7fdd7dbff26b56f343fb432d57a4728fdd49b6ef35e2f4", size = 1966354, upload-time = "2026-05-06T13:38:03.499Z" },
    { url = "https://files.pythonhosted.org/packages/fc/b6/6b8de4c0a7d7ab3004c439c80c5c1e0a3e8d78bbae19379b01960383d9e5/pydantic_core-2.46.4-cp314-cp314-win_amd64.whl", hash = "sha256:811ff8e9c313ab425368bcbb36e5c4ebd7108c2bbf4e4089cfbb0b01eff63fac", size = 2072238, upload-time = "2026-05-06T13:39:40.807Z" },
    { url = "https://files.pythonhosted.org/packages/32/36/51eb763beec1f4cf59b1db243a7dcc39cbb41230f050a09b9d69faaf0a48/pydantic_core-2.46.4-cp314-cp314-win_arm64.whl", hash = "sha256:bfec22eab3c8cc2ceec0248aec886624116dc079afa027ecc8ad4a7e62010f8a", size = 2018251, upload-time = "2026-05-06T13:37:26.72Z" },
    { url = "https://files.pythonhosted.org/packages/e8/91/855af51d625b23aa987116a19e231d2aaef9c4a415273ddc189b79a45fee/pydantic_core-2.46.4-cp314-cp314t-macosx_10_12_x86_64.whl", hash = "sha256:af8244b2bef6aaad6d92cda81372de7f8c8d36c9f0c3ea36e827c60e7d9467a0", size = 2099593, upload-time = "2026-05-06T13:39:47.682Z" },
    { url = "https://files.pythonhosted.org/packages/fb/1b/8784a54c65edb5f49f0a14d6977cf1b209bba85a4c77445b255c2de58ab3/pydantic_core-2.46.4-cp314-cp314t-macosx_11_0_arm64.whl", hash = "sha256:5a4330cdbc57162e4b3aa303f588ba752257694c9c9be3e7ebb11b4aca659b5d", size = 1935226, upload-time = "2026-05-06T13:40:40.428Z" },
    { url = "https://files.pythonhosted.org/packages/e8/e7/1955d28d1afc56dd4b3ad7cc0cf39df1b9852964cf16e5d13912756d6d6b/pydantic_core-2.46.4-cp314-cp314t-manylinux_2_17_aarch64.manylinux2014_aarch64.whl", hash = "sha256:29c61fc04a3d840155ff08e475a04809278972fe6aef51e2720554e96367e34b", size = 1974605, upload-time = "2026-05-06T13:37:32.029Z" },
    { url = "https://files.pythonhosted.org/packages/93/e2/3fedbf0ba7a22850e6e9fd78117f1c0f10f950182344d8a6c535d468fdd8/pydantic_core-2.46.4-cp314-cp314t-manylinux_2_17_armv7l.manylinux2014_armv7l.whl", hash = "sha256:c50f2528cf200c5eed56faf3f4e22fcd5f38c157a8b78576e6ba3168ec35f000", size = 2030777, upload-time = "2026-05-06T13:38:55.239Z" },
    { url = "https://files.pythonhosted.org/packages/f8/61/46be275fcaaba0b4f5b9669dd852267ce1ff616592dccf7a7845588df091/pydantic_core-2.46.4-cp314-cp314t-manylinux_2_17_ppc64le.manylinux2014_ppc64le.whl", hash = "sha256:0cbe8b01f948de4286c74cdd6c667aceb38f5c1e26f0693b3983d9d74887c65e", size = 2236641, upload-time = "2026-05-06T13:37:08.096Z" },
    { url = "https://files.pythonhosted.org/packages/60/db/12e93e46a8bac9988be3c016860f83293daea8c716c029c9ace279036f2f/pydantic_core-2.46.4-cp314-cp314t-manylinux_2_17_s390x.manylinux2014_s390x.whl", hash = "sha256:617d7e2ca7dcb8c5cf6bcb8c59b8832c94b36196bbf1cbd1bfb56ed341905edd", size = 2286404, upload-time = "2026-05-06T13:40:20.221Z" },
    { url = "https://files.pythonhosted.org/packages/e2/4a/4d8b19008f38d31c53b8219cfedc2e3d5de5fe99d90076b7e767de29274f/pydantic_core-2.46.4-cp314-cp314t-manylinux_2_17_x86_64.manylinux2014_x86_64.whl", hash = "sha256:7027560ee92211647d0d34e3f7cd6f50da56399d26a9c8ad0da286d3869a53f3", size = 2109219, upload-time = "2026-05-06T13:38:12.153Z" },
    { url = "https://files.pythonhosted.org/packages/88/70/3cbc40978fefb7bb09c6708d40d4ad1a5d70fd7213c3d17f971de868ec1f/pydantic_core-2.46.4-cp314-cp314t-manylinux_2_31_riscv64.whl", hash = "sha256:f99626688942fb746e545232e7726926f3be91b5975f8b55327665fafda991c7", size = 2110594, upload-time = "2026-05-06T13:40:02.971Z" },
    { url = "https://files.pythonhosted.org/packages/9d/20/b8d36736216e29491125531685b2f9e61aa5b4b2599893f8268551da3338/pydantic_core-2.46.4-cp314-cp314t-manylinux_2_5_i686.manylinux1_i686.whl", hash = "sha256:fc3e9034a63de20e15e8ade85358bc6efc614008cab72898b4b4952bea0509ff", size = 2159542, upload-time = "2026-05-06T13:39:27.506Z" },
    { url = "https://files.pythonhosted.org/packages/1d/a2/367df868eb584dacf6bf82a389272406d7178e301c4ac82545ab98bc2dd9/pydantic_core-2.46.4-cp314-cp314t-musllinux_1_1_aarch64.whl", hash = "sha256:97e7cf2be5c77b7d1a9713a05605d49460d02c6078d38d8bef3cbe323c548424", size = 2168146, upload-time = "2026-05-06T13:38:31.93Z" },
    { url = "https://files.pythonhosted.org/packages/c1/b8/4460f77f7e201893f649a29ab355dddd3beee8a97bcb1a320db414f9a06e/pydantic_core-2.46.4-cp314-cp314t-musllinux_1_1_armv7l.whl", hash = "sha256:3bf92c5d0e00fefaab325a4d27828fe6b6e2a21848686b5b60d2d9eeb09d76c6", size = 2306309, upload-time = "2026-05-06T13:37:44.717Z" },
    { url = "https://files.pythonhosted.org/packages/64/c4/be2639293acd87dc8ddbcec41a73cee9b2ebf996fe6d892a1a74e88ad3f7/pydantic_core-2.46.4-cp314-cp314t-musllinux_1_1_x86_64.whl", hash = "sha256:3ecbc122d18468d06ca279dc26a8c2e2d5acb10943bb35e36ae92096dc3b5565", size = 2369736, upload-time = "2026-05-06T13:37:05.645Z" },
    { url = "https://files.pythonhosted.org/packages/30/a6/9f9f380dbb301f67023bf8f707aaa75daadf84f7152d95c410fd7e81d994/pydantic_core-2.46.4-cp314-cp314t-win32.whl", hash = "sha256:e846ae7835bf0703ae43f534ab79a867146dadd59dc9ca5c8b53d5c8f7c9ef02", size = 1955575, upload-time = "2026-05-06T13:38:51.116Z" },
    { url = "https://files.pythonhosted.org/packages/40/1f/f1eb9eb350e795d1af8586289746f5c5677d16043040d63710e22abc43c9/pydantic_core-2.46.4-cp314-cp314t-win_amd64.whl", hash = "sha256:2108ba5c1c1eca18030634489dc544844144ee36357f2f9f780b93e7ddbb44b5", size = 2051624, upload-time = "2026-05-06T13:38:21.672Z" },
    { url = "https://files.pythonhosted.org/packages/f6/d2/42dd53d0a85c27606f316d3aa5d2869c4e8470a5ed6dec30e4a1abe19192/pydantic_core-2.46.4-cp314-cp314t-win_arm64.whl", hash = "sha256:4fcbe087dbc2068af7eda3aa87634eba216dbda64d1ae73c8684b621d33f6596", size = 2017325, upload-time = "2026-05-06T13:40:52.723Z" },
]

[[package]]
name = "pygments"
version = "2.20.0"
source = { registry = "https://pypi.org/simple" }
sdist = { url = "https://files.pythonhosted.org/packages/c3/b2/bc9c9196916376152d655522fdcebac55e66de6603a76a02bca1b6414f6c/pygments-2.20.0.tar.gz", hash = "sha256:6757cd03768053ff99f3039c1a36d6c0aa0b263438fcab17520b30a303a82b5f", size = 4955991, upload-time = "2026-03-29T13:29:33.898Z" }
wheels = [
    { url = "https://files.pythonhosted.org/packages/f4/7e/a72dd26f3b0f4f2bf1dd8923c85f7ceb43172af56d63c7383eb62b332364/pygments-2.20.0-py3-none-any.whl", hash = "sha256:81a9e26dd42fd28a23a2d169d86d7ac03b46e2f8b59ed4698fb4785f946d0176", size = 1231151, upload-time = "2026-03-29T13:29:30.038Z" },
]

[[package]]
name = "pytest"
version = "9.1.1"
source = { registry = "https://pypi.org/simple" }
dependencies = [
    { name = "colorama", marker = "sys_platform == 'win32'" },
    { name = "iniconfig" },
    { name = "packaging" },
    { name = "pluggy" },
    { name = "pygments" },
]
sdist = { url = "https://files.pythonhosted.org/packages/e4/47/b9efed96c114afcfa3c9d3fe98a76a1d14c74a9e266d397cf6eb64be5e01/pytest-9.1.1.tar.gz", hash = "sha256:1088fbde8f2b49d95a549a195707afa7a76a3ce9bcadc26b6d71f0ffda5fe313", size = 1636369, upload-time = "2026-06-19T10:58:32.857Z" }
wheels = [
    { url = "https://files.pythonhosted.org/packages/24/25/1de2678b631f5a49215c6c96fff41ba892b0a34df68d6d80292b1b48aa7f/pytest-9.1.1-py3-none-any.whl", hash = "sha256:37a86b45efb9a47a61a36449063e8e18d0cab3161329fc099eb21783169c4f0c", size = 386536, upload-time = "2026-06-19T10:58:31.347Z" },
]

[[package]]
name = "ruff"
version = "0.16.1"
source = { registry = "https://pypi.org/simple" }
sdist = { url = "https://files.pythonhosted.org/packages/70/25/7113f6d5498888c5fb7db34081cba7d5971c4cb1bfb26819966eee68f003/ruff-0.16.1.tar.gz", hash = "sha256:fedad7c801dabd3fb9741d76aca39246e6ddd9ca446a015875207bf19f1e6bc7", size = 4877500, upload-time = "2026-07-30T19:37:01.379Z" }
wheels = [
    { url = "https://files.pythonhosted.org/packages/1b/bd/694da69368e0973de65df2ddc73ab18d43c469d5963d9b150911de6bc513/ruff-0.16.1-py3-none-linux_armv6l.whl", hash = "sha256:58edb313b88f0c5460a26adf5f39a37a3be789494a15e3e411e35fa78b89f9a0", size = 10839126, upload-time = "2026-07-30T19:36:13.697Z" },
    { url = "https://files.pythonhosted.org/packages/3f/f0/b626e5d5bd0dd9576263658ef12885e2288afd1029a48e26ffed65ec1ac1/ruff-0.16.1-py3-none-macosx_10_12_x86_64.whl", hash = "sha256:fde5a99e2f97479af66edd6622c6d5a2a7592c77cf4153d9e4428f5eeb55b60c", size = 11070253, upload-time = "2026-07-30T19:36:17.14Z" },
    { url = "https://files.pythonhosted.org/packages/83/63/f40acfb6b35b88623e71684942b552c3edd96035f5d98f313815f7b277de/ruff-0.16.1-py3-none-macosx_11_0_arm64.whl", hash = "sha256:e0d4c20532fca4f7fa609369161d968dd28f65d83dabbd61d8e9c7edbf7001f6", size = 10561425, upload-time = "2026-07-30T19:36:20.04Z" },
    { url = "https://files.pythonhosted.org/packages/aa/dd/14ec0e9c2b4d315547dd38765004b4863e354e1b52cb308272215d9f6f6d/ruff-0.16.1-py3-none-manylinux_2_17_aarch64.manylinux2014_aarch64.whl", hash = "sha256:30affbcedf59ad5703d9c91f82266e02b47739f797e1a7b6e158e5526a6dae38", size = 10948879, upload-time = "2026-07-30T19:36:22.476Z" },
    { url = "https://files.pythonhosted.org/packages/33/e9/9d870cbae575030fdef595f04b4b97573c525b5497cce4f4498cf2f85446/ruff-0.16.1-py3-none-manylinux_2_17_armv7l.manylinux2014_armv7l.whl", hash = "sha256:24e9c631573cbca9d20f1283f8f479b2afa4a8503504822bd71a293889f16743", size = 10643691, upload-time = "2026-07-30T19:36:24.914Z" },
    { url = "https://files.pythonhosted.org/packages/c4/09/12743d544e2173f53ecd27217c65f90d2bc0f8424a66a60339e56bbc0457/ruff-0.16.1-py3-none-manylinux_2_17_i686.manylinux2014_i686.whl", hash = "sha256:b41bdd48fb420987a9b5212e4957c26ad4abce401fa9ea9d4d85843727945f4f", size = 11435354, upload-time = "2026-07-30T19:36:28.447Z" },
    { url = "https://files.pythonhosted.org/packages/7f/89/a1652b2daee52083c9554a6333b678a8b01d0400f976827bb87857f9449a/ruff-0.16.1-py3-none-manylinux_2_17_ppc64le.manylinux2014_ppc64le.whl", hash = "sha256:b0d1e1393b7648079e13669de1c1f4fde06d4583e84d8fd5c1551e0a77a2aa75", size = 12259033, upload-time = "2026-07-30T19:36:31.326Z" },
    { url = "https://files.pythonhosted.org/packages/16/96/ecdcb8c54ee7b123b487f807eb014e6e019155a0b81dfb669acd52f28ce3/ruff-0.16.1-py3-none-manylinux_2_17_s390x.manylinux2014_s390x.whl", hash = "sha256:07bf434b1c95f4e093be4532068ef4fcf00924eb2ade8796075980902d6fd54a", size = 11667981, upload-time = "2026-07-30T19:36:34.394Z" },
    { url = "https://files.pythonhosted.org/packages/cd/90/c52e12e0d862e9572f2a33aa227409143520abe53111e9a6babbac7b4af8/ruff-0.16.1-py3-none-manylinux_2_17_x86_64.manylinux2014_x86_64.whl", hash = "sha256:39897739f112253ee4fdd2e8aa9a4f9ded99fb2be367d5f31dfa4ded6025584c", size = 11468183, upload-time = "2026-07-30T19:36:37.339Z" },
    { url = "https://files.pythonhosted.org/packages/2c/6b/4ffb7ad1d83eb16cf8cbb3c8815d3f11c88460fd162d4b372a2059be1c2a/ruff-0.16.1-py3-none-manylinux_2_31_riscv64.whl", hash = "sha256:82ae3c0c0d74daf17b968a10b7b3bb3ef297ab7de0c1f749646b25e690ccb150", size = 11470071, upload-time = "2026-07-30T19:36:39.91Z" },
    { url = "https://files.pythonhosted.org/packages/9c/72/32ae7db4c0b5e32ab611787caa19d1546800676d79f7483b7100a3561bf4/ruff-0.16.1-py3-none-musllinux_1_2_aarch64.whl", hash = "sha256:4d5f2ed10f8242d83fc08d521301089364e3375375705356f20c0e31606ef3ef", size = 10919503, upload-time = "2026-07-30T19:36:42.65Z" },
    { url = "https://files.pythonhosted.org/packages/f7/ca/3d901ba6ad6fc38da39c3448fc6c59ac945679293a17c3ceb6d6c1cba13e/ruff-0.16.1-py3-none-musllinux_1_2_armv7l.whl", hash = "sha256:a4665b309891f83f3e3c25447935f1213e9abbd4b5640af7a1f2def9f8d413c1", size = 10649861, upload-time = "2026-07-30T19:36:45.18Z" },
    { url = "https://files.pythonhosted.org/packages/92/79/894ef1ced26552d5f8c9cf6d85b0687840e1128c55aeab7b9c2d54a0d880/ruff-0.16.1-py3-none-musllinux_1_2_i686.whl", hash = "sha256:26e9ca5c9bc3971f20d3cf18a957f52ffd6a5f6564ff15c4912a144dcac22494", size = 11148137, upload-time = "2026-07-30T19:36:47.936Z" },
    { url = "https://files.pythonhosted.org/packages/2d/69/3609a09fa1cb46cc28b762363e440a354204e5dff01bd0c8d7437874d6b9/ruff-0.16.1-py3-none-musllinux_1_2_x86_64.whl", hash = "sha256:67e1e1e3fa4f0c82f0e36d4cd61e661f6e7a6196cb1aa92fe0828fa7b8f257cd", size = 11559211, upload-time = "2026-07-30T19:36:50.448Z" },
    { url = "https://files.pythonhosted.org/packages/fc/8a/fb22af2fd78a736e241fabf67e30ce1799a64244026377a49e133af90762/ruff-0.16.1-py3-none-win32.whl", hash = "sha256:d31765e131295b8445caf301e3e8a85b34d1b9b211b4109b7ba457888b051806", size = 10838258, upload-time = "2026-07-30T19:36:53.298Z" },
    { url = "https://files.pythonhosted.org/packages/d4/35/e57fd9fb5d423961df087a00b12d42c0a830288dc2f3b45ecca299158b4f/ruff-0.16.1-py3-none-win_amd64.whl", hash = "sha256:09b05e8b90c2cb06ad63464350e7a45e8e44a2dfe52072ebfba6666ca8d3f596", size = 11961111, upload-time = "2026-07-30T19:36:56.107Z" },
    { url = "https://files.pythonhosted.org/packages/cb/46/240ea004bf6dc4feb40e9832f2205a476a47dd5b8a3f8211a5fc5f95e20e/ruff-0.16.1-py3-none-win_arm64.whl", hash = "sha256:dbaadaac38c70239f056d306b7476f246b0bf000fa6b3876402acbf5b227eaf8", size = 11309414, upload-time = "2026-07-30T19:36:58.79Z" },
]

[[package]]
name = "sniffio"
version = "1.3.1"
source = { registry = "https://pypi.org/simple" }
sdist = { url = "https://files.pythonhosted.org/packages/a2/87/a6771e1546d97e7e041b6ae58d80074f81b7d5121207425c964ddf5cfdbd/sniffio-1.3.1.tar.gz", hash = "sha256:f4324edc670a0f49750a81b895f35c3adb843cca46f0530f79fc1babb23789dc", size = 20372, upload-time = "2024-02-25T23:20:04.057Z" }
wheels = [
    { url = "https://files.pythonhosted.org/packages/e9/44/75a9c9421471a6c4805dbf2356f7c181a29c1879239abab1ea2cc8f38b40/sniffio-1.3.1-py3-none-any.whl", hash = "sha256:2f6da418d1f1e0fddd844478f41680e794e6051915791a034ff65e5f100525a2", size = 10235, upload-time = "2024-02-25T23:20:01.196Z" },
]

[[package]]
name = "tqdm"
version = "4.70.0"
source = { registry = "https://pypi.org/simple" }
dependencies = [
    { name = "colorama", marker = "sys_platform == 'win32'" },
]
sdist = { url = "https://files.pythonhosted.org/packages/21/3b/6c24bec5be5e743ffd99576daa5cc077722fc7d5bbc00bd133fa0c698dc6/tqdm-4.70.0.tar.gz", hash = "sha256:55b0b0dbd97462d06ebee91e4dac24ed4d4702be82b24f07e6c1d27e08cea220", size = 795438, upload-time = "2026-07-27T11:33:15.271Z" }
wheels = [
    { url = "https://files.pythonhosted.org/packages/f9/1c/01bfd571a64e7f270e6bab5e33777debe0edc56759233ce84f27dec92d14/tqdm-4.70.0-py3-none-any.whl", hash = "sha256:7f585706bfddbdebf89daac705b2dfcc16890130727d3197ca62c732b4310953", size = 80184, upload-time = "2026-07-27T11:33:13.167Z" },
]

[[package]]
name = "ty"
version = "0.0.65"
source = { registry = "https://pypi.org/simple" }
sdist = { url = "https://files.pythonhosted.org/packages/d6/54/cf561927e8e9ab5c1892a833b664aa9cd6f051a75f6280c66d8047246bda/ty-0.0.65.tar.gz", hash = "sha256:b7134bffcc00b715fa8291e84d845782ced810a998dc1f7f11d71c85c4046325", size = 6460098, upload-time = "2026-07-29T18:31:03.27Z" }
wheels = [
    { url = "https://files.pythonhosted.org/packages/7b/4e/71e2d325d2b53a1afad81624ad076b2ede413213fc4a18cb05b78c568571/ty-0.0.65-py3-none-linux_armv6l.whl", hash = "sha256:dc556c9f05408bef4c4ef02b2cc382e4e5f797b4b20d64410289848f0d76705f", size = 12298466, upload-time = "2026-07-29T18:30:12.744Z" },
    { url = "https://files.pythonhosted.org/packages/57/77/fec8f29647c55794efa430a7f365e44f5ce7ffb6459d9445a87fac569bec/ty-0.0.65-py3-none-macosx_10_12_x86_64.whl", hash = "sha256:29d2e0d34cc0a28a17ef0cf81135c5ebabc3562131f9079138ba5e7bae0f56bd", size = 11942421, upload-time = "2026-07-29T18:30:16.076Z" },
    { url = "https://files.pythonhosted.org/packages/13/09/7f3766aef9dc627e2698cf4e3e59cf53389dcae3812040d33c1aa931230f/ty-0.0.65-py3-none-macosx_11_0_arm64.whl", hash = "sha256:685f49a9312bbf69d5b65bbb66384fed1f927403ea030c217b9289092d7e46c4", size = 11451922, upload-time = "2026-07-29T18:30:19.155Z" },
    { url = "https://files.pythonhosted.org/packages/cb/7b/1a77cd50e0befb50f55b8bf9bd3ed3eddf184bf28c61b56727039e0774fc/ty-0.0.65-py3-none-manylinux_2_17_aarch64.manylinux2014_aarch64.whl", hash = "sha256:6f564b5ebe78e2f3a8e7b8eacb1292eb88b7c0f3c8630671cfca31abc0709cd9", size = 11994999, upload-time = "2026-07-29T18:30:22.315Z" },
    { url = "https://files.pythonhosted.org/packages/63/7b/feda16f3a4a0a99be27431e0c9598eeeec0db1eb2fec9a15976698209418/ty-0.0.65-py3-none-manylinux_2_17_armv7l.manylinux2014_armv7l.whl", hash = "sha256:c983e156fe9e113fb56389e13d327b6b8549fe866de9b269684723a88e9b732d", size = 12090662, upload-time = "2026-07-29T18:30:24.93Z" },
    { url = "https://files.pythonhosted.org/packages/ed/3e/3f69bf9c9307dbdc0771719f65ce5b556e7bdeeaccbdd599d4f57866d801/ty-0.0.65-py3-none-manylinux_2_17_i686.manylinux2014_i686.whl", hash = "sha256:e3663b7396e8b1a9954e20e732de7ccb0192bf4118473069b4945920d6923921", size = 12822094, upload-time = "2026-07-29T18:30:28.012Z" },
    { url = "https://files.pythonhosted.org/packages/90/38/8fa791b3bb503ee2b46ad81690cd1bdd54519582df6d805cee57fe143e85/ty-0.0.65-py3-none-manylinux_2_17_ppc64le.manylinux2014_ppc64le.whl", hash = "sha256:306ed01f29d6e108e98feb233dbbf5878a027603b71bd3743b343977933a9f16", size = 13357833, upload-time = "2026-07-29T18:30:31.122Z" },
    { url = "https://files.pythonhosted.org/packages/c1/73/4dda396a201e1dd0ed3594a9b48e559cb41c4bc048c6cd4c4d1b39eb4313/ty-0.0.65-py3-none-manylinux_2_17_s390x.manylinux2014_s390x.whl", hash = "sha256:28bcfc8898c94f079a9100e684bcf312b6a64ad3a7d4ebb35a4591546030a2cd", size = 12977303, upload-time = "2026-07-29T18:30:33.944Z" },
    { url = "https://files.pythonhosted.org/packages/a5/26/c250c2c569adc53a8591716641388397bcb2a442e4a30b952ae81b50c0e0/ty-0.0.65-py3-none-manylinux_2_17_x86_64.manylinux2014_x86_64.whl", hash = "sha256:5a75bd0c245c38802a8f488378e74f92feb7dd33db7d63fbdd6fdf82791ba730", size = 12579338, upload-time = "2026-07-29T18:30:37.199Z" },
    { url = "https://files.pythonhosted.org/packages/d3/94/4a5647d44753ca218fc930d7e4d9bf468d0ed4a0ad4b3d57588bc1bbacf7/ty-0.0.65-py3-none-manylinux_2_31_riscv64.whl", hash = "sha256:9e5e1bdea9662d2b5312b4e99f319f4e6e2ea427511b5fbc546141b79ec53f76", size = 12957731, upload-time = "2026-07-29T18:30:39.937Z" },
    { url = "https://files.pythonhosted.org/packages/36/b6/1e22fa11a1e0dfb20b1c7f3cbfd8170273aada2a82f9ecd3055275370c44/ty-0.0.65-py3-none-musllinux_1_2_aarch64.whl", hash = "sha256:03a88493d4842889f65280ae241e06b399d57eb3c63571054cad21a4c33b3b69", size = 11938625, upload-time = "2026-07-29T18:30:42.603Z" },
    { url = "https://files.pythonhosted.org/packages/5c/0a/fe5f22ef62b193201bc5566762e22049762cd485bfafb5095a7050760054/ty-0.0.65-py3-none-musllinux_1_2_armv7l.whl", hash = "sha256:600b8bf6f4940cf7ffb2f43d3716faaf38dcb97cd8617c55771451bc0276408f", size = 12105592, upload-time = "2026-07-29T18:30:45.419Z" },
    { url = "https://files.pythonhosted.org/packages/76/fd/922b3a6e9d697452cdbb4b7e3f636868add5ec652154518a736e4364f3b7/ty-0.0.65-py3-none-musllinux_1_2_i686.whl", hash = "sha256:0c28007bc79d648c1ddaf1e65885d07baec48eb87240da442f608e4107c1b7d8", size = 12387335, upload-time = "2026-07-29T18:30:48.405Z" },
    { url = "https://files.pythonhosted.org/packages/77/22/a1a08ebc84c083db2fb55e3b5cd186db0c067692f4921146f601360231e2/ty-0.0.65-py3-none-musllinux_1_2_x86_64.whl", hash = "sha256:c852da96091ad22361e6586b7c7ba98e1334dcd4d8ffb67e47f4fb673de33f77", size = 12682710, upload-time = "2026-07-29T18:30:51.364Z" },
    { url = "https://files.pythonhosted.org/packages/81/14/eaaa410a25bbdea19722109b5422380a0e211b3afcf3071d15953ddbd5db/ty-0.0.65-py3-none-win32.whl", hash = "sha256:cf529d538f1403b14b0511e6ec3cdb95d3d974adabf24cc76cedc533368c3edc", size = 11692341, upload-time = "2026-07-29T18:30:54.35Z" },
    { url = "https://files.pythonhosted.org/packages/bc/0f/6d48f206dce9d7e53fe3b5ea0f0ab5800dd9d2365b2b48f736783436c43f/ty-0.0.65-py3-none-win_amd64.whl", hash = "sha256:234a321e33c7cbbfbd67bfa0b01b685dd9c21f1841781a21e5ca1fa0b25f1d5d", size = 12729355, upload-time = "2026-07-29T18:30:57.275Z" },
    { url = "https://files.pythonhosted.org/packages/96/aa/7446f7725e303cf78e058c893af1f0552b9451895454908706f4c6c3494b/ty-0.0.65-py3-none-win_arm64.whl", hash = "sha256:b9424be1ec56d93ff18609fb1c0a0a2283fe1282cd6d1c7604f97d73b94d61f2", size = 12051375, upload-time = "2026-07-29T18:31:00.579Z" },
]

[[package]]
name = "typing-extensions"
version = "4.16.0"
source = { registry = "https://pypi.org/simple" }
sdist = { url = "https://files.pythonhosted.org/packages/f6/cc/6253133b5bb138fc3306cebfbda2c520f545d36b5be2c7255cc528bb45d6/typing_extensions-4.16.0.tar.gz", hash = "sha256:dc983d19a509c94dba722ee6abd33940f7c05a89e243c47e907eb4db6f1a43e5", size = 113555, upload-time = "2026-07-02T08:40:05.92Z" }
wheels = [
    { url = "https://files.pythonhosted.org/packages/49/d3/b8441a820a491ddfc024b0b0cf0393375b75ea13866d9c66727e54c2fc80/typing_extensions-4.16.0-py3-none-any.whl", hash = "sha256:481caa481374e813c1b176ada14e97f1f67a4539ce9cfeb3f350d78d6370c2e8", size = 45571, upload-time = "2026-07-02T08:40:04.659Z" },
]

[[package]]
name = "typing-inspection"
version = "0.4.2"
source = { registry = "https://pypi.org/simple" }
dependencies = [
    { name = "typing-extensions" },
]
sdist = { url = "https://files.pythonhosted.org/packages/55/e3/70399cb7dd41c10ac53367ae42139cf4b1ca5f36bb3dc6c9d33acdb43655/typing_inspection-0.4.2.tar.gz", hash = "sha256:ba561c48a67c5958007083d386c3295464928b01faa735ab8547c5692e87f464", size = 75949, upload-time = "2025-10-01T02:14:41.687Z" }
wheels = [
    { url = "https://files.pythonhosted.org/packages/dc/9b/47798a6c91d8bdb567fe2698fe81e0c6b7cb7ef4d13da4114b41d239f65d/typing_inspection-0.4.2-py3-none-any.whl", hash = "sha256:4ed1cacbdc298c220f1bd249ed5287caa16f34d44ef4e9c3d0cbad5b521545e7", size = 14611, upload-time = "2025-10-01T02:14:40.154Z" },
]
